
Microsoft Visual Studio Solution File, Format Version 12.00
# Visual Studio Version 17
VisualStudioVersion = 17.4.33205.214
MinimumVisualStudioVersion = 10.0.40219.1
Project("{9A19103F-16F7-4668-BE54-9A1E7A4F7556}") = "MessageInvoker.AzureServiceBus", "src\MessageInvoker.Client\MessageInvoker.AzureServiceBus.csproj", "{39CC04D6-F001-4B38-9508-612B23F86FFB}"
EndProject
Project("{9A19103F-16F7-4668-BE54-9A1E7A4F7556}") = "MessageInvoker.Tests", "src\MessageInvoker.Tests\MessageInvoker.Tests.csproj", "{A6E15D74-1A49-4812-8AE7-E96C9031DF9E}"
EndProject
Project("{FAE04EC0-301F-11D3-BF4B-00C04F79EFBC}") = "MessageInvoker.Shared", "src\MessageInvoker.Shared\MessageInvoker.Shared.csproj", "{C078F409-5C16-40EE-8368-1DF390FC56AA}"
EndProject
Project("{FAE04EC0-301F-11D3-BF4B-00C04F79EFBC}") = "MessageInvoker.RabbitMQ", "src\MessageInvoker.RabbitMQ\MessageInvoker.RabbitMQ.csproj", "{840CC562-EFF7-4715-87D0-362E34E423D9}"
EndProject
Global
	GlobalSection(SolutionConfigurationPlatforms) = preSolution
		Debug|Any CPU = Debug|Any CPU
		Release|Any CPU = Release|Any CPU
	EndGlobalSection
	GlobalSection(ProjectConfigurationPlatforms) = postSolution
		{39CC04D6-F001-4B38-9508-612B23F86FFB}.Debug|Any CPU.ActiveCfg = Debug|Any CPU
		{39CC04D6-F001-4B38-9508-612B23F86FFB}.Debug|Any CPU.Build.0 = Debug|Any CPU
		{39CC04D6-F001-4B38-9508-612B23F86FFB}.Release|Any CPU.ActiveCfg = Release|Any CPU
		{39CC04D6-F001-4B38-9508-612B23F86FFB}.Release|Any CPU.Build.0 = Release|Any CPU
		{A6E15D74-1A49-4812-8AE7-E96C9031DF9E}.Debug|Any CPU.ActiveCfg = Debug|Any CPU
		{A6E15D74-1A49-4812-8AE7-E96C9031DF9E}.Debug|Any CPU.Build.0 = Debug|Any CPU
		{A6E15D74-1A49-4812-8AE7-E96C9031DF9E}.Release|Any CPU.ActiveCfg = Release|Any CPU
		{A6E15D74-1A49-4812-8AE7-E96C9031DF9E}.Release|Any CPU.Build.0 = Release|Any CPU
		{C078F409-5C16-40EE-8368-1DF390FC56AA}.Debug|Any CPU.ActiveCfg = Debug|Any CPU
		{C078F409-5C16-40EE-8368-1DF390FC56AA}.Debug|Any CPU.Build.0 = Debug|Any CPU
		{C078F409-5C16-40EE-8368-1DF390FC56AA}.Release|Any CPU.ActiveCfg = Release|Any CPU
		{C078F409-5C16-40EE-8368-1DF390FC56AA}.Release|Any CPU.Build.0 = Release|Any CPU
		{840CC562-EFF7-4715-87D0-362E34E423D9}.Debug|Any CPU.ActiveCfg = Debug|Any CPU
		{840CC562-EFF7-4715-87D0-362E34E423D9}.Debug|Any CPU.Build.0 = Debug|Any CPU
		{840CC562-EFF7-4715-87D0-362E34E423D9}.Release|Any CPU.ActiveCfg = Release|Any CPU
		{840CC562-EFF7-4715-87D0-362E34E423D9}.Release|Any CPU.Build.0 = Release|Any CPU
	EndGlobalSection
	GlobalSection(SolutionProperties) = preSolution
		HideSolutionNode = FALSE
	EndGlobalSection
	GlobalSection(ExtensibilityGlobals) = postSolution
		SolutionGuid = {975ECC9C-1CCB-41A6-B23C-B8047068CF76}
	EndGlobalSection
EndGlobal
